
Microsoft Visual Studio Solution File, Format Version 12.00
# Visual Studio Version 16
VisualStudioVersion = 16.0.29215.179
MinimumVisualStudioVersion = 10.0.40219.1
Project("{F184B08F-C81C-45F6-A57F-5ABD9991F28F}") = "DataTypes", "DataTypes.vbproj", "{162CF446-DA1E-4A41-803C-6B071E931D40}"
EndProject
Global
	GlobalSection(SolutionConfigurationPlatforms) = preSolution
		Debug|Any CPU = Debug|Any CPU
		Release|Any CPU = Release|Any CPU
	EndGlobalSection
	GlobalSection(ProjectConfigurationPlatforms) = postSolution
		{162CF446-DA1E-4A41-803C-6B071E931D40}.Debug|Any CPU.ActiveCfg = Debug|Any CPU
		{162CF446-DA1E-4A41-803C-6B071E931D40}.Debug|Any CPU.Build.0 = Debug|Any CPU
		{162CF446-DA1E-4A41-803C-6B071E931D40}.Release|Any CPU.ActiveCfg = Release|Any CPU
		{162CF446-DA1E-4A41-803C-6B071E931D40}.Release|Any CPU.Build.0 = Release|Any CPU
	EndGlobalSection
	GlobalSection(SolutionProperties) = preSolution
		HideSolutionNode = FALSE
	EndGlobalSection
	GlobalSection(ExtensibilityGlobals) = postSolution
		SolutionGuid = {C479FD84-F8E1-4A0F-943C-31E3ADAA0B37}
	EndGlobalSection
EndGlobal
