
Microsoft Visual Studio Solution File, Format Version 12.00
# Visual Studio Version 16
VisualStudioVersion = 16.0.29215.179
MinimumVisualStudioVersion = 10.0.40219.1
Project("{F184B08F-C81C-45F6-A57F-5ABD9991F28F}") = "9-17_example", "9-17_example.vbproj", "{A351D4F9-EAE3-4258-925C-377C005DDDCE}"
EndProject
Global
	GlobalSection(SolutionConfigurationPlatforms) = preSolution
		Debug|Any CPU = Debug|Any CPU
		Release|Any CPU = Release|Any CPU
	EndGlobalSection
	GlobalSection(ProjectConfigurationPlatforms) = postSolution
		{A351D4F9-EAE3-4258-925C-377C005DDDCE}.Debug|Any CPU.ActiveCfg = Debug|Any CPU
		{A351D4F9-EAE3-4258-925C-377C005DDDCE}.Debug|Any CPU.Build.0 = Debug|Any CPU
		{A351D4F9-EAE3-4258-925C-377C005DDDCE}.Release|Any CPU.ActiveCfg = Release|Any CPU
		{A351D4F9-EAE3-4258-925C-377C005DDDCE}.Release|Any CPU.Build.0 = Release|Any CPU
	EndGlobalSection
	GlobalSection(SolutionProperties) = preSolution
		HideSolutionNode = FALSE
	EndGlobalSection
	GlobalSection(ExtensibilityGlobals) = postSolution
		SolutionGuid = {E5206834-935A-439F-836A-84D91DE785F9}
	EndGlobalSection
EndGlobal
