
Microsoft Visual Studio Solution File, Format Version 12.00
# Visual Studio Version 16
VisualStudioVersion = 16.0.29215.179
MinimumVisualStudioVersion = 10.0.40219.1
Project("{F184B08F-C81C-45F6-A57F-5ABD9991F28F}") = "ArithmeticOperators", "ArithmeticOperators.vbproj", "{03DADBE5-3212-4582-84A0-96EC4E78E103}"
EndProject
Global
	GlobalSection(SolutionConfigurationPlatforms) = preSolution
		Debug|Any CPU = Debug|Any CPU
		Release|Any CPU = Release|Any CPU
	EndGlobalSection
	GlobalSection(ProjectConfigurationPlatforms) = postSolution
		{03DADBE5-3212-4582-84A0-96EC4E78E103}.Debug|Any CPU.ActiveCfg = Debug|Any CPU
		{03DADBE5-3212-4582-84A0-96EC4E78E103}.Debug|Any CPU.Build.0 = Debug|Any CPU
		{03DADBE5-3212-4582-84A0-96EC4E78E103}.Release|Any CPU.ActiveCfg = Release|Any CPU
		{03DADBE5-3212-4582-84A0-96EC4E78E103}.Release|Any CPU.Build.0 = Release|Any CPU
	EndGlobalSection
	GlobalSection(SolutionProperties) = preSolution
		HideSolutionNode = FALSE
	EndGlobalSection
	GlobalSection(ExtensibilityGlobals) = postSolution
		SolutionGuid = {9E8181A3-F029-4AAE-AE88-C2418125C5A4}
	EndGlobalSection
EndGlobal
